// !$*UTF8*$!
{
	archiveVersion = 1;
	classes = {
	};
	objectVersion = 46;
	objects = {

/* Begin PBXBuildFile section */
		14F7986D08AF27CA6C72A6A5 /* Pods_SafePathUITests.framework in Frameworks */ = {isa = PBXBuildFile; fileRef = 6AEA34FDADB4520E1B05B0CE /* Pods_SafePathUITests.framework */; };
		63153D1F055D162EA9AE243C /* Pods_SafePath.framework in Frameworks */ = {isa = PBXBuildFile; fileRef = 17E9ECE56C0BB7370DCAA372 /* Pods_SafePath.framework */; };
		88166CCC813FEAFD5B2A3A7C /* Pods_SafePathTests.framework in Frameworks */ = {isa = PBXBuildFile; fileRef = 8686055E6F09F4395239B406 /* Pods_SafePathTests.framework */; };
		A805F28F1EC7960A008AC801 /* AppDelegate.swift in Sources */ = {isa = PBXBuildFile; fileRef = A805F28E1EC7960A008AC801 /* AppDelegate.swift */; };
		A805F2911EC7960A008AC801 /* ViewController.swift in Sources */ = {isa = PBXBuildFile; fileRef = A805F2901EC7960A008AC801 /* ViewController.swift */; };
		A805F2941EC7960A008AC801 /* Main.storyboard in Resources */ = {isa = PBXBuildFile; fileRef = A805F2921EC7960A008AC801 /* Main.storyboard */; };
		A805F2971EC7960A008AC801 /* SafePath.xcdatamodeld in Sources */ = {isa = PBXBuildFile; fileRef = A805F2951EC7960A008AC801 /* SafePath.xcdatamodeld */; };
		A805F2991EC7960A008AC801 /* Assets.xcassets in Resources */ = {isa = PBXBuildFile; fileRef = A805F2981EC7960A008AC801 /* Assets.xcassets */; };
		A805F29C1EC7960A008AC801 /* LaunchScreen.storyboard in Resources */ = {isa = PBXBuildFile; fileRef = A805F29A1EC7960A008AC801 /* LaunchScreen.storyboard */; };
		A805F2A71EC7960A008AC801 /* SafePathTests.swift in Sources */ = {isa = PBXBuildFile; fileRef = A805F2A61EC7960A008AC801 /* SafePathTests.swift */; };
		A805F2B21EC7960A008AC801 /* SafePathUITests.swift in Sources */ = {isa = PBXBuildFile; fileRef = A805F2B11EC7960A008AC801 /* SafePathUITests.swift */; };
		A805F2C01EC79D47008AC801 /* MapViewController.swift in Sources */ = {isa = PBXBuildFile; fileRef = A805F2BF1EC79D47008AC801 /* MapViewController.swift */; };
		A805F2C41EC810A0008AC801 /* qb7u-rbmr.json in Resources */ = {isa = PBXBuildFile; fileRef = A805F2C31EC810A0008AC801 /* qb7u-rbmr.json */; };
/* End PBXBuildFile section */

/* Begin PBXContainerItemProxy section */
		A805F2A31EC7960A008AC801 /* PBXContainerItemProxy */ = {
			isa = PBXContainerItemProxy;
			containerPortal = A805F2831EC7960A008AC801 /* Project object */;
			proxyType = 1;
			remoteGlobalIDString = A805F28A1EC7960A008AC801;
			remoteInfo = SafePath;
		};
		A805F2AE1EC7960A008AC801 /* PBXContainerItemProxy */ = {
			isa = PBXContainerItemProxy;
			containerPortal = A805F2831EC7960A008AC801 /* Project object */;
			proxyType = 1;
			remoteGlobalIDString = A805F28A1EC7960A008AC801;
			remoteInfo = SafePath;
		};
/* End PBXContainerItemProxy section */

/* Begin PBXFileReference section */
		17E9ECE56C0BB7370DCAA372 /* Pods_SafePath.framework */ = {isa = PBXFileReference; explicitFileType = wrapper.framework; includeInIndex = 0; path = Pods_SafePath.framework; sourceTree = BUILT_PRODUCTS_DIR; };
		6AEA34FDADB4520E1B05B0CE /* Pods_SafePathUITests.framework */ = {isa = PBXFileReference; explicitFileType = wrapper.framework; includeInIndex = 0; path = Pods_SafePathUITests.framework; sourceTree = BUILT_PRODUCTS_DIR; };
		739A462256E038A11D6158FA /* Pods-SafePathUITests.debug.xcconfig */ = {isa = PBXFileReference; includeInIndex = 1; lastKnownFileType = text.xcconfig; name = "Pods-SafePathUITests.debug.xcconfig"; path = "Pods/Target Support Files/Pods-SafePathUITests/Pods-SafePathUITests.debug.xcconfig"; sourceTree = "<group>"; };
		8686055E6F09F4395239B406 /* Pods_SafePathTests.framework */ = {isa = PBXFileReference; explicitFileType = wrapper.framework; includeInIndex = 0; path = Pods_SafePathTests.framework; sourceTree = BUILT_PRODUCTS_DIR; };
		8E5C52DA8E05851FDE369FE0 /* Pods-SafePath.debug.xcconfig */ = {isa = PBXFileReference; includeInIndex = 1; lastKnownFileType = text.xcconfig; name = "Pods-SafePath.debug.xcconfig"; path = "Pods/Target Support Files/Pods-SafePath/Pods-SafePath.debug.xcconfig"; sourceTree = "<group>"; };
		A805F28B1EC7960A008AC801 /* SafePath.app */ = {isa = PBXFileReference; explicitFileType = wrapper.application; includeInIndex = 0; path = SafePath.app; sourceTree = BUILT_PRODUCTS_DIR; };
		A805F28E1EC7960A008AC801 /* AppDelegate.swift */ = {isa = PBXFileReference; lastKnownFileType = sourcecode.swift; path = AppDelegate.swift; sourceTree = "<group>"; };
		A805F2901EC7960A008AC801 /* ViewController.swift */ = {isa = PBXFileReference; lastKnownFileType = sourcecode.swift; path = ViewController.swift; sourceTree = "<group>"; };
		A805F2931EC7960A008AC801 /* Base */ = {isa = PBXFileReference; lastKnownFileType = file.storyboard; name = Base; path = Base.lproj/Main.storyboard; sourceTree = "<group>"; };
		A805F2961EC7960A008AC801 /* SafePath.xcdatamodel */ = {isa = PBXFileReference; lastKnownFileType = wrapper.xcdatamodel; path = SafePath.xcdatamodel; sourceTree = "<group>"; };
		A805F2981EC7960A008AC801 /* Assets.xcassets */ = {isa = PBXFileReference; lastKnownFileType = folder.assetcatalog; path = Assets.xcassets; sourceTree = "<group>"; };
		A805F29B1EC7960A008AC801 /* Base */ = {isa = PBXFileReference; lastKnownFileType = file.storyboard; name = Base; path = Base.lproj/LaunchScreen.storyboard; sourceTree = "<group>"; };
		A805F29D1EC7960A008AC801 /* Info.plist */ = {isa = PBXFileReference; lastKnownFileType = text.plist.xml; path = Info.plist; sourceTree = "<group>"; };
		A805F2A21EC7960A008AC801 /* SafePathTests.xctest */ = {isa = PBXFileReference; explicitFileType = wrapper.cfbundle; includeInIndex = 0; path = SafePathTests.xctest; sourceTree = BUILT_PRODUCTS_DIR; };
		A805F2A61EC7960A008AC801 /* SafePathTests.swift */ = {isa = PBXFileReference; lastKnownFileType = sourcecode.swift; path = SafePathTests.swift; sourceTree = "<group>"; };
		A805F2A81EC7960A008AC801 /* Info.plist */ = {isa = PBXFileReference; lastKnownFileType = text.plist.xml; path = Info.plist; sourceTree = "<group>"; };
		A805F2AD1EC7960A008AC801 /* SafePathUITests.xctest */ = {isa = PBXFileReference; explicitFileType = wrapper.cfbundle; includeInIndex = 0; path = SafePathUITests.xctest; sourceTree = BUILT_PRODUCTS_DIR; };
		A805F2B11EC7960A008AC801 /* SafePathUITests.swift */ = {isa = PBXFileReference; lastKnownFileType = sourcecode.swift; path = SafePathUITests.swift; sourceTree = "<group>"; };
		A805F2B31EC7960A008AC801 /* Info.plist */ = {isa = PBXFileReference; lastKnownFileType = text.plist.xml; path = Info.plist; sourceTree = "<group>"; };
		A805F2BF1EC79D47008AC801 /* MapViewController.swift */ = {isa = PBXFileReference; fileEncoding = 4; lastKnownFileType = sourcecode.swift; path = MapViewController.swift; sourceTree = "<group>"; };
		A805F2C31EC810A0008AC801 /* qb7u-rbmr.json */ = {isa = PBXFileReference; fileEncoding = 4; lastKnownFileType = text.json; path = "qb7u-rbmr.json"; sourceTree = "<group>"; };
		C848F8A40463C85E766EE3BB /* Pods-SafePath.release.xcconfig */ = {isa = PBXFileReference; includeInIndex = 1; lastKnownFileType = text.xcconfig; name = "Pods-SafePath.release.xcconfig"; path = "Pods/Target Support Files/Pods-SafePath/Pods-SafePath.release.xcconfig"; sourceTree = "<group>"; };
		D464323899C995F1F10FB844 /* Pods-SafePathTests.debug.xcconfig */ = {isa = PBXFileReference; includeInIndex = 1; lastKnownFileType = text.xcconfig; name = "Pods-SafePathTests.debug.xcconfig"; path = "Pods/Target Support Files/Pods-SafePathTests/Pods-SafePathTests.debug.xcconfig"; sourceTree = "<group>"; };
		ED4BA8C24B70655FDF9A971F /* Pods-SafePathUITests.release.xcconfig */ = {isa = PBXFileReference; includeInIndex = 1; lastKnownFileType = text.xcconfig; name = "Pods-SafePathUITests.release.xcconfig"; path = "Pods/Target Support Files/Pods-SafePathUITests/Pods-SafePathUITests.release.xcconfig"; sourceTree = "<group>"; };
		F537CCDAE70C45FEE99A0DF3 /* Pods-SafePathTests.release.xcconfig */ = {isa = PBXFileReference; includeInIndex = 1; lastKnownFileType = text.xcconfig; name = "Pods-SafePathTests.release.xcconfig"; path = "Pods/Target Support Files/Pods-SafePathTests/Pods-SafePathTests.release.xcconfig"; sourceTree = "<group>"; };
/* End PBXFileReference section */

/* Begin PBXFrameworksBuildPhase section */
		A805F2881EC7960A008AC801 /* Frameworks */ = {
			isa = PBXFrameworksBuildPhase;
			buildActionMask = 2147483647;
			files = (
				63153D1F055D162EA9AE243C /* Pods_SafePath.framework in Frameworks */,
			);
			runOnlyForDeploymentPostprocessing = 0;
		};
		A805F29F1EC7960A008AC801 /* Frameworks */ = {
			isa = PBXFrameworksBuildPhase;
			buildActionMask = 2147483647;
			files = (
				88166CCC813FEAFD5B2A3A7C /* Pods_SafePathTests.framework in Frameworks */,
			);
			runOnlyForDeploymentPostprocessing = 0;
		};
		A805F2AA1EC7960A008AC801 /* Frameworks */ = {
			isa = PBXFrameworksBuildPhase;
			buildActionMask = 2147483647;
			files = (
				14F7986D08AF27CA6C72A6A5 /* Pods_SafePathUITests.framework in Frameworks */,
			);
			runOnlyForDeploymentPostprocessing = 0;
		};
/* End PBXFrameworksBuildPhase section */

/* Begin PBXGroup section */
		A08426F07A7C0BD78BDF88AD /* Pods */ = {
			isa = PBXGroup;
			children = (
				8E5C52DA8E05851FDE369FE0 /* Pods-SafePath.debug.xcconfig */,
				C848F8A40463C85E766EE3BB /* Pods-SafePath.release.xcconfig */,
				D464323899C995F1F10FB844 /* Pods-SafePathTests.debug.xcconfig */,
				F537CCDAE70C45FEE99A0DF3 /* Pods-SafePathTests.release.xcconfig */,
				739A462256E038A11D6158FA /* Pods-SafePathUITests.debug.xcconfig */,
				ED4BA8C24B70655FDF9A971F /* Pods-SafePathUITests.release.xcconfig */,
			);
			name = Pods;
			sourceTree = "<group>";
		};
		A805F2821EC7960A008AC801 = {
			isa = PBXGroup;
			children = (
				A805F28D1EC7960A008AC801 /* SafePath */,
				A805F2A51EC7960A008AC801 /* SafePathTests */,
				A805F2B01EC7960A008AC801 /* SafePathUITests */,
				A805F28C1EC7960A008AC801 /* Products */,
				A08426F07A7C0BD78BDF88AD /* Pods */,
				E7DA2009BFB7504198FBA4A4 /* Frameworks */,
			);
			sourceTree = "<group>";
		};
		A805F28C1EC7960A008AC801 /* Products */ = {
			isa = PBXGroup;
			children = (
				A805F28B1EC7960A008AC801 /* SafePath.app */,
				A805F2A21EC7960A008AC801 /* SafePathTests.xctest */,
				A805F2AD1EC7960A008AC801 /* SafePathUITests.xctest */,
			);
			name = Products;
			sourceTree = "<group>";
		};
		A805F28D1EC7960A008AC801 /* SafePath */ = {
			isa = PBXGroup;
			children = (
				A805F28E1EC7960A008AC801 /* AppDelegate.swift */,
				A805F2901EC7960A008AC801 /* ViewController.swift */,
				A805F2921EC7960A008AC801 /* Main.storyboard */,
				A805F2BF1EC79D47008AC801 /* MapViewController.swift */,
				A805F29A1EC7960A008AC801 /* LaunchScreen.storyboard */,
				A805F29D1EC7960A008AC801 /* Info.plist */,
				A805F2951EC7960A008AC801 /* SafePath.xcdatamodeld */,
				A805F2C31EC810A0008AC801 /* qb7u-rbmr.json */,
				A805F2981EC7960A008AC801 /* Assets.xcassets */,
			);
			path = SafePath;
			sourceTree = "<group>";
		};
		A805F2A51EC7960A008AC801 /* SafePathTests */ = {
			isa = PBXGroup;
			children = (
				A805F2A61EC7960A008AC801 /* SafePathTests.swift */,
				A805F2A81EC7960A008AC801 /* Info.plist */,
			);
			path = SafePathTests;
			sourceTree = "<group>";
		};
		A805F2B01EC7960A008AC801 /* SafePathUITests */ = {
			isa = PBXGroup;
			children = (
				A805F2B11EC7960A008AC801 /* SafePathUITests.swift */,
				A805F2B31EC7960A008AC801 /* Info.plist */,
			);
			path = SafePathUITests;
			sourceTree = "<group>";
		};
		E7DA2009BFB7504198FBA4A4 /* Frameworks */ = {
			isa = PBXGroup;
			children = (
				17E9ECE56C0BB7370DCAA372 /* Pods_SafePath.framework */,
				8686055E6F09F4395239B406 /* Pods_SafePathTests.framework */,
				6AEA34FDADB4520E1B05B0CE /* Pods_SafePathUITests.framework */,
			);
			name = Frameworks;
			sourceTree = "<group>";
		};
/* End PBXGroup section */

/* Begin PBXNativeTarget section */
		A805F28A1EC7960A008AC801 /* SafePath */ = {
			isa = PBXNativeTarget;
			buildConfigurationList = A805F2B61EC7960A008AC801 /* Build configuration list for PBXNativeTarget "SafePath" */;
			buildPhases = (
				D368A97085FC8836F321EBC8 /* [CP] Check Pods Manifest.lock */,
				A805F2871EC7960A008AC801 /* Sources */,
				A805F2881EC7960A008AC801 /* Frameworks */,
				A805F2891EC7960A008AC801 /* Resources */,
				A41018DC75079759429AF04A /* [CP] Embed Pods Frameworks */,
				B9E6B73A71C89EE21B3DBD49 /* [CP] Copy Pods Resources */,
			);
			buildRules = (
			);
			dependencies = (
			);
			name = SafePath;
			productName = SafePath;
			productReference = A805F28B1EC7960A008AC801 /* SafePath.app */;
			productType = "com.apple.product-type.application";
		};
		A805F2A11EC7960A008AC801 /* SafePathTests */ = {
			isa = PBXNativeTarget;
			buildConfigurationList = A805F2B91EC7960A008AC801 /* Build configuration list for PBXNativeTarget "SafePathTests" */;
			buildPhases = (
				277F67909B718A35372DDF2D /* [CP] Check Pods Manifest.lock */,
				A805F29E1EC7960A008AC801 /* Sources */,
				A805F29F1EC7960A008AC801 /* Frameworks */,
				A805F2A01EC7960A008AC801 /* Resources */,
				3DD103B718CEF462665B909F /* [CP] Embed Pods Frameworks */,
				058A8A5352EF8FC66E11BCD2 /* [CP] Copy Pods Resources */,
			);
			buildRules = (
			);
			dependencies = (
				A805F2A41EC7960A008AC801 /* PBXTargetDependency */,
			);
			name = SafePathTests;
			productName = SafePathTests;
			productReference = A805F2A21EC7960A008AC801 /* SafePathTests.xctest */;
			productType = "com.apple.product-type.bundle.unit-test";
		};
		A805F2AC1EC7960A008AC801 /* SafePathUITests */ = {
			isa = PBXNativeTarget;
			buildConfigurationList = A805F2BC1EC7960A008AC801 /* Build configuration list for PBXNativeTarget "SafePathUITests" */;
			buildPhases = (
				40A6AD85D0DDEE192413DA82 /* [CP] Check Pods Manifest.lock */,
				A805F2A91EC7960A008AC801 /* Sources */,
				A805F2AA1EC7960A008AC801 /* Frameworks */,
				A805F2AB1EC7960A008AC801 /* Resources */,
				59A4550C2D9517999935854B /* [CP] Embed Pods Frameworks */,
				A9D1B70DBFECFD5AC4DE0CFD /* [CP] Copy Pods Resources */,
			);
			buildRules = (
			);
			dependencies = (
				A805F2AF1EC7960A008AC801 /* PBXTargetDependency */,
			);
			name = SafePathUITests;
			productName = SafePathUITests;
			productReference = A805F2AD1EC7960A008AC801 /* SafePathUITests.xctest */;
			productType = "com.apple.product-type.bundle.ui-testing";
		};
/* End PBXNativeTarget section */

/* Begin PBXProject section */
		A805F2831EC7960A008AC801 /* Project object */ = {
			isa = PBXProject;
			attributes = {
				LastSwiftUpdateCheck = 0830;
				LastUpgradeCheck = 0830;
				TargetAttributes = {
					A805F28A1EC7960A008AC801 = {
						CreatedOnToolsVersion = 8.3.2;
						DevelopmentTeam = G3C7HTN75X;
						ProvisioningStyle = Automatic;
					};
					A805F2A11EC7960A008AC801 = {
						CreatedOnToolsVersion = 8.3.2;
						DevelopmentTeam = G3C7HTN75X;
						ProvisioningStyle = Automatic;
						TestTargetID = A805F28A1EC7960A008AC801;
					};
					A805F2AC1EC7960A008AC801 = {
						CreatedOnToolsVersion = 8.3.2;
						DevelopmentTeam = G3C7HTN75X;
						ProvisioningStyle = Automatic;
						TestTargetID = A805F28A1EC7960A008AC801;
					};
				};
			};
			buildConfigurationList = A805F2861EC7960A008AC801 /* Build configuration list for PBXProject "SafePath" */;
			compatibilityVersion = "Xcode 3.2";
			developmentRegion = English;
			hasScannedForEncodings = 0;
			knownRegions = (
				en,
				Base,
			);
			mainGroup = A805F2821EC7960A008AC801;
			productRefGroup = A805F28C1EC7960A008AC801 /* Products */;
			projectDirPath = "";
			projectRoot = "";
			targets = (
				A805F28A1EC7960A008AC801 /* SafePath */,
				A805F2A11EC7960A008AC801 /* SafePathTests */,
				A805F2AC1EC7960A008AC801 /* SafePathUITests */,
			);
		};
/* End PBXProject section */

/* Begin PBXResourcesBuildPhase section */
		A805F2891EC7960A008AC801 /* Resources */ = {
			isa = PBXResourcesBuildPhase;
			buildActionMask = 2147483647;
			files = (
				A805F29C1EC7960A008AC801 /* LaunchScreen.storyboard in Resources */,
				A805F2C41EC810A0008AC801 /* qb7u-rbmr.json in Resources */,
				A805F2991EC7960A008AC801 /* Assets.xcassets in Resources */,
				A805F2941EC7960A008AC801 /* Main.storyboard in Resources */,
			);
			runOnlyForDeploymentPostprocessing = 0;
		};
		A805F2A01EC7960A008AC801 /* Resources */ = {
			isa = PBXResourcesBuildPhase;
			buildActionMask = 2147483647;
			files = (
			);
			runOnlyForDeploymentPostprocessing = 0;
		};
		A805F2AB1EC7960A008AC801 /* Resources */ = {
			isa = PBXResourcesBuildPhase;
			buildActionMask = 2147483647;
			files = (
			);
			runOnlyForDeploymentPostprocessing = 0;
		};
/* End PBXResourcesBuildPhase section */

/* Begin PBXShellScriptBuildPhase section */
		058A8A5352EF8FC66E11BCD2 /* [CP] Copy Pods Resources */ = {
			isa = PBXShellScriptBuildPhase;
			buildActionMask = 2147483647;
			files = (
			);
			inputPaths = (
			);
			name = "[CP] Copy Pods Resources";
			outputPaths = (
			);
			runOnlyForDeploymentPostprocessing = 0;
			shellPath = /bin/sh;
			shellScript = "\"${SRCROOT}/Pods/Target Support Files/Pods-SafePathTests/Pods-SafePathTests-resources.sh\"\n";
			showEnvVarsInLog = 0;
		};
		277F67909B718A35372DDF2D /* [CP] Check Pods Manifest.lock */ = {
			isa = PBXShellScriptBuildPhase;
			buildActionMask = 2147483647;
			files = (
			);
			inputPaths = (
			);
			name = "[CP] Check Pods Manifest.lock";
			outputPaths = (
			);
			runOnlyForDeploymentPostprocessing = 0;
			shellPath = /bin/sh;
			shellScript = "diff \"${PODS_ROOT}/../Podfile.lock\" \"${PODS_ROOT}/Manifest.lock\" > /dev/null\nif [ $? != 0 ] ; then\n    # print error to STDERR\n    echo \"error: The sandbox is not in sync with the Podfile.lock. Run 'pod install' or update your CocoaPods installation.\" >&2\n    exit 1\nfi\n";
			showEnvVarsInLog = 0;
		};
		3DD103B718CEF462665B909F /* [CP] Embed Pods Frameworks */ = {
			isa = PBXShellScriptBuildPhase;
			buildActionMask = 2147483647;
			files = (
			);
			inputPaths = (
			);
			name = "[CP] Embed Pods Frameworks";
			outputPaths = (
			);
			runOnlyForDeploymentPostprocessing = 0;
			shellPath = /bin/sh;
			shellScript = "\"${SRCROOT}/Pods/Target Support Files/Pods-SafePathTests/Pods-SafePathTests-frameworks.sh\"\n";
			showEnvVarsInLog = 0;
		};
		40A6AD85D0DDEE192413DA82 /* [CP] Check Pods Manifest.lock */ = {
			isa = PBXShellScriptBuildPhase;
			buildActionMask = 2147483647;
			files = (
			);
			inputPaths = (
			);
			name = "[CP] Check Pods Manifest.lock";
			outputPaths = (
			);
			runOnlyForDeploymentPostprocessing = 0;
			shellPath = /bin/sh;
			shellScript = "diff \"${PODS_ROOT}/../Podfile.lock\" \"${PODS_ROOT}/Manifest.lock\" > /dev/null\nif [ $? != 0 ] ; then\n    # print error to STDERR\n    echo \"error: The sandbox is not in sync with the Podfile.lock. Run 'pod install' or update your CocoaPods installation.\" >&2\n    exit 1\nfi\n";
			showEnvVarsInLog = 0;
		};
		59A4550C2D9517999935854B /* [CP] Embed Pods Frameworks */ = {
			isa = PBXShellScriptBuildPhase;
			buildActionMask = 2147483647;
			files = (
			);
			inputPaths = (
			);
			name = "[CP] Embed Pods Frameworks";
			outputPaths = (
			);
			runOnlyForDeploymentPostprocessing = 0;
			shellPath = /bin/sh;
			shellScript = "\"${SRCROOT}/Pods/Target Support Files/Pods-SafePathUITests/Pods-SafePathUITests-frameworks.sh\"\n";
			showEnvVarsInLog = 0;
		};
		A41018DC75079759429AF04A /* [CP] Embed Pods Frameworks */ = {
			isa = PBXShellScriptBuildPhase;
			buildActionMask = 2147483647;
			files = (
			);
			inputPaths = (
			);
			name = "[CP] Embed Pods Frameworks";
			outputPaths = (
			);
			runOnlyForDeploymentPostprocessing = 0;
			shellPath = /bin/sh;
			shellScript = "\"${SRCROOT}/Pods/Target Support Files/Pods-SafePath/Pods-SafePath-frameworks.sh\"\n";
			showEnvVarsInLog = 0;
		};
		A9D1B70DBFECFD5AC4DE0CFD /* [CP] Copy Pods Resources */ = {
			isa = PBXShellScriptBuildPhase;
			buildActionMask = 2147483647;
			files = (
			);
			inputPaths = (
			);
			name = "[CP] Copy Pods Resources";
			outputPaths = (
			);
			runOnlyForDeploymentPostprocessing = 0;
			shellPath = /bin/sh;
			shellScript = "\"${SRCROOT}/Pods/Target Support Files/Pods-SafePathUITests/Pods-SafePathUITests-resources.sh\"\n";
			showEnvVarsInLog = 0;
		};
		B9E6B73A71C89EE21B3DBD49 /* [CP] Copy Pods Resources */ = {
			isa = PBXShellScriptBuildPhase;
			buildActionMask = 2147483647;
			files = (
			);
			inputPaths = (
			);
			name = "[CP] Copy Pods Resources";
			outputPaths = (
			);
			runOnlyForDeploymentPostprocessing = 0;
			shellPath = /bin/sh;
			shellScript = "\"${SRCROOT}/Pods/Target Support Files/Pods-SafePath/Pods-SafePath-resources.sh\"\n";
			showEnvVarsInLog = 0;
		};
		D368A97085FC8836F321EBC8 /* [CP] Check Pods Manifest.lock */ = {
			isa = PBXShellScriptBuildPhase;
			buildActionMask = 2147483647;
			files = (
			);
			inputPaths = (
			);
			name = "[CP] Check Pods Manifest.lock";
			outputPaths = (
			);
			runOnlyForDeploymentPostprocessing = 0;
			shellPath = /bin/sh;
			shellScript = "diff \"${PODS_ROOT}/../Podfile.lock\" \"${PODS_ROOT}/Manifest.lock\" > /dev/null\nif [ $? != 0 ] ; then\n    # print error to STDERR\n    echo \"error: The sandbox is not in sync with the Podfile.lock. Run 'pod install' or update your CocoaPods installation.\" >&2\n    exit 1\nfi\n";
			showEnvVarsInLog = 0;
		};
/* End PBXShellScriptBuildPhase section */

/* Begin PBXSourcesBuildPhase section */
		A805F2871EC7960A008AC801 /* Sources */ = {
			isa = PBXSourcesBuildPhase;
			buildActionMask = 2147483647;
			files = (
				A805F2911EC7960A008AC801 /* ViewController.swift in Sources */,
				A805F2971EC7960A008AC801 /* SafePath.xcdatamodeld in Sources */,
				A805F28F1EC7960A008AC801 /* AppDelegate.swift in Sources */,
				A805F2C01EC79D47008AC801 /* MapViewController.swift in Sources */,
			);
			runOnlyForDeploymentPostprocessing = 0;
		};
		A805F29E1EC7960A008AC801 /* Sources */ = {
			isa = PBXSourcesBuildPhase;
			buildActionMask = 2147483647;
			files = (
				A805F2A71EC7960A008AC801 /* SafePathTests.swift in Sources */,
			);
			runOnlyForDeploymentPostprocessing = 0;
		};
		A805F2A91EC7960A008AC801 /* Sources */ = {
			isa = PBXSourcesBuildPhase;
			buildActionMask = 2147483647;
			files = (
				A805F2B21EC7960A008AC801 /* SafePathUITests.swift in Sources */,
			);
			runOnlyForDeploymentPostprocessing = 0;
		};
/* End PBXSourcesBuildPhase section */

/* Begin PBXTargetDependency section */
		A805F2A41EC7960A008AC801 /* PBXTargetDependency */ = {
			isa = PBXTargetDependency;
			target = A805F28A1EC7960A008AC801 /* SafePath */;
			targetProxy = A805F2A31EC7960A008AC801 /* PBXContainerItemProxy */;
		};
		A805F2AF1EC7960A008AC801 /* PBXTargetDependency */ = {
			isa = PBXTargetDependency;
			target = A805F28A1EC7960A008AC801 /* SafePath */;
			targetProxy = A805F2AE1EC7960A008AC801 /* PBXContainerItemProxy */;
		};
/* End PBXTargetDependency section */

/* Begin PBXVariantGroup section */
		A805F2921EC7960A008AC801 /* Main.storyboard */ = {
			isa = PBXVariantGroup;
			children = (
				A805F2931EC7960A008AC801 /* Base */,
			);
			name = Main.storyboard;
			sourceTree = "<group>";
		};
		A805F29A1EC7960A008AC801 /* LaunchScreen.storyboard */ = {
			isa = PBXVariantGroup;
			children = (
				A805F29B1EC7960A008AC801 /* Base */,
			);
			name = LaunchScreen.storyboard;
			sourceTree = "<group>";
		};
/* End PBXVariantGroup section */

/* Begin XCBuildConfiguration section */
		A805F2B41EC7960A008AC801 /* Debug */ = {
			isa = XCBuildConfiguration;
			buildSettings = {
				ALWAYS_SEARCH_USER_PATHS = NO;
				CLANG_ANALYZER_NONNULL = YES;
				CLANG_ANALYZER_NUMBER_OBJECT_CONVERSION = YES_AGGRESSIVE;
				CLANG_CXX_LANGUAGE_STANDARD = "gnu++0x";
				CLANG_CXX_LIBRARY = "libc++";
				CLANG_ENABLE_MODULES = YES;
				CLANG_ENABLE_OBJC_ARC = YES;
				CLANG_WARN_BOOL_CONVERSION = YES;
				CLANG_WARN_CONSTANT_CONVERSION = YES;
				CLANG_WARN_DIRECT_OBJC_ISA_USAGE = YES_ERROR;
				CLANG_WARN_DOCUMENTATION_COMMENTS = YES;
				CLANG_WARN_EMPTY_BODY = YES;
				CLANG_WARN_ENUM_CONVERSION = YES;
				CLANG_WARN_INFINITE_RECURSION = YES;
				CLANG_WARN_INT_CONVERSION = YES;
				CLANG_WARN_OBJC_ROOT_CLASS = YES_ERROR;
				CLANG_WARN_SUSPICIOUS_MOVE = YES;
				CLANG_WARN_UNREACHABLE_CODE = YES;
				CLANG_WARN__DUPLICATE_METHOD_MATCH = YES;
				"CODE_SIGN_IDENTITY[sdk=iphoneos*]" = "iPhone Developer";
				COPY_PHASE_STRIP = NO;
				DEBUG_INFORMATION_FORMAT = dwarf;
				ENABLE_STRICT_OBJC_MSGSEND = YES;
				ENABLE_TESTABILITY = YES;
				GCC_C_LANGUAGE_STANDARD = gnu99;
				GCC_DYNAMIC_NO_PIC = NO;
				GCC_NO_COMMON_BLOCKS = YES;
				GCC_OPTIMIZATION_LEVEL = 0;
				GCC_PREPROCESSOR_DEFINITIONS = (
					"DEBUG=1",
					"$(inherited)",
				);
				GCC_WARN_64_TO_32_BIT_CONVERSION = YES;
				GCC_WARN_ABOUT_RETURN_TYPE = YES_ERROR;
				GCC_WARN_UNDECLARED_SELECTOR = YES;
				GCC_WARN_UNINITIALIZED_AUTOS = YES_AGGRESSIVE;
				GCC_WARN_UNUSED_FUNCTION = YES;
				GCC_WARN_UNUSED_VARIABLE = YES;
				IPHONEOS_DEPLOYMENT_TARGET = 10.3;
				MTL_ENABLE_DEBUG_INFO = YES;
				ONLY_ACTIVE_ARCH = YES;
				SDKROOT = iphoneos;
				SWIFT_ACTIVE_COMPILATION_CONDITIONS = DEBUG;
				SWIFT_OPTIMIZATION_LEVEL = "-Onone";
			};
			name = Debug;
		};
		A805F2B51EC7960A008AC801 /* Release */ = {
			isa = XCBuildConfiguration;
			buildSettings = {
				ALWAYS_SEARCH_USER_PATHS = NO;
				CLANG_ANALYZER_NONNULL = YES;
				CLANG_ANALYZER_NUMBER_OBJECT_CONVERSION = YES_AGGRESSIVE;
				CLANG_CXX_LANGUAGE_STANDARD = "gnu++0x";
				CLANG_CXX_LIBRARY = "libc++";
				CLANG_ENABLE_MODULES = YES;
				CLANG_ENABLE_OBJC_ARC = YES;
				CLANG_WARN_BOOL_CONVERSION = YES;
				CLANG_WARN_CONSTANT_CONVERSION = YES;
				CLANG_WARN_DIRECT_OBJC_ISA_USAGE = YES_ERROR;
				CLANG_WARN_DOCUMENTATION_COMMENTS = YES;
				CLANG_WARN_EMPTY_BODY = YES;
				CLANG_WARN_ENUM_CONVERSION = YES;
				CLANG_WARN_INFINITE_RECURSION = YES;
				CLANG_WARN_INT_CONVERSION = YES;
				CLANG_WARN_OBJC_ROOT_CLASS = YES_ERROR;
				CLANG_WARN_SUSPICIOUS_MOVE = YES;
				CLANG_WARN_UNREACHABLE_CODE = YES;
				CLANG_WARN__DUPLICATE_METHOD_MATCH = YES;
				"CODE_SIGN_IDENTITY[sdk=iphoneos*]" = "iPhone Developer";
				COPY_PHASE_STRIP = NO;
				DEBUG_INFORMATION_FORMAT = "dwarf-with-dsym";
				ENABLE_NS_ASSERTIONS = NO;
				ENABLE_STRICT_OBJC_MSGSEND = YES;
				GCC_C_LANGUAGE_STANDARD = gnu99;
				GCC_NO_COMMON_BLOCKS = YES;
				GCC_WARN_64_TO_32_BIT_CONVERSION = YES;
				GCC_WARN_ABOUT_RETURN_TYPE = YES_ERROR;
				GCC_WARN_UNDECLARED_SELECTOR = YES;
				GCC_WARN_UNINITIALIZED_AUTOS = YES_AGGRESSIVE;
				GCC_WARN_UNUSED_FUNCTION = YES;
				GCC_WARN_UNUSED_VARIABLE = YES;
				IPHONEOS_DEPLOYMENT_TARGET = 10.3;
				MTL_ENABLE_DEBUG_INFO = NO;
				SDKROOT = iphoneos;
				SWIFT_OPTIMIZATION_LEVEL = "-Owholemodule";
				VALIDATE_PRODUCT = YES;
			};
			name = Release;
		};
		A805F2B71EC7960A008AC801 /* Debug */ = {
			isa = XCBuildConfiguration;
			baseConfigurationReference = 8E5C52DA8E05851FDE369FE0 /* Pods-SafePath.debug.xcconfig */;
			buildSettings = {
				ASSETCATALOG_COMPILER_APPICON_NAME = AppIcon;
				DEVELOPMENT_TEAM = G3C7HTN75X;
				INFOPLIST_FILE = SafePath/Info.plist;
				LD_RUNPATH_SEARCH_PATHS = "$(inherited) @executable_path/Frameworks";
				PRODUCT_BUNDLE_IDENTIFIER = Safepath.SafePath;
				PRODUCT_NAME = "$(TARGET_NAME)";
				SWIFT_VERSION = 3.0;
			};
			name = Debug;
		};
		A805F2B81EC7960A008AC801 /* Release */ = {
			isa = XCBuildConfiguration;
			baseConfigurationReference = C848F8A40463C85E766EE3BB /* Pods-SafePath.release.xcconfig */;
			buildSettings = {
				ASSETCATALOG_COMPILER_APPICON_NAME = AppIcon;
				DEVELOPMENT_TEAM = G3C7HTN75X;
				INFOPLIST_FILE = SafePath/Info.plist;
				LD_RUNPATH_SEARCH_PATHS = "$(inherited) @executable_path/Frameworks";
				PRODUCT_BUNDLE_IDENTIFIER = Safepath.SafePath;
				PRODUCT_NAME = "$(TARGET_NAME)";
				SWIFT_VERSION = 3.0;
			};
			name = Release;
		};
		A805F2BA1EC7960A008AC801 /* Debug */ = {
			isa = XCBuildConfiguration;
			baseConfigurationReference = D464323899C995F1F10FB844 /* Pods-SafePathTests.debug.xcconfig */;
			buildSettings = {
				ALWAYS_EMBED_SWIFT_STANDARD_LIBRARIES = YES;
				BUNDLE_LOADER = "$(TEST_HOST)";
				DEVELOPMENT_TEAM = G3C7HTN75X;
				INFOPLIST_FILE = SafePathTests/Info.plist;
				LD_RUNPATH_SEARCH_PATHS = "$(inherited) @executable_path/Frameworks @loader_path/Frameworks";
				PRODUCT_BUNDLE_IDENTIFIER = Safepath.SafePathTests;
				PRODUCT_NAME = "$(TARGET_NAME)";
				SWIFT_VERSION = 3.0;
				TEST_HOST = "$(BUILT_PRODUCTS_DIR)/SafePath.app/SafePath";
			};
			name = Debug;
		};
		A805F2BB1EC7960A008AC801 /* Release */ = {
			isa = XCBuildConfiguration;
			baseConfigurationReference = F537CCDAE70C45FEE99A0DF3 /* Pods-SafePathTests.release.xcconfig */;
			buildSettings = {
				ALWAYS_EMBED_SWIFT_STANDARD_LIBRARIES = YES;
				BUNDLE_LOADER = "$(TEST_HOST)";
				DEVELOPMENT_TEAM = G3C7HTN75X;
				INFOPLIST_FILE = SafePathTests/Info.plist;
				LD_RUNPATH_SEARCH_PATHS = "$(inherited) @executable_path/Frameworks @loader_path/Frameworks";
				PRODUCT_BUNDLE_IDENTIFIER = Safepath.SafePathTests;
				PRODUCT_NAME = "$(TARGET_NAME)";
				SWIFT_VERSION = 3.0;
				TEST_HOST = "$(BUILT_PRODUCTS_DIR)/SafePath.app/SafePath";
			};
			name = Release;
		};
		A805F2BD1EC7960A008AC801 /* Debug */ = {
			isa = XCBuildConfiguration;
			baseConfigurationReference = 739A462256E038A11D6158FA /* Pods-SafePathUITests.debug.xcconfig */;
			buildSettings = {
				ALWAYS_EMBED_SWIFT_STANDARD_LIBRARIES = YES;
				DEVELOPMENT_TEAM = G3C7HTN75X;
				INFOPLIST_FILE = SafePathUITests/Info.plist;
				LD_RUNPATH_SEARCH_PATHS = "$(inherited) @executable_path/Frameworks @loader_path/Frameworks";
				PRODUCT_BUNDLE_IDENTIFIER = Safepath.SafePathUITests;
				PRODUCT_NAME = "$(TARGET_NAME)";
				SWIFT_VERSION = 3.0;
				TEST_TARGET_NAME = SafePath;
			};
			name = Debug;
		};
		A805F2BE1EC7960A008AC801 /* Release */ = {
			isa = XCBuildConfiguration;
			baseConfigurationReference = ED4BA8C24B70655FDF9A971F /* Pods-SafePathUITests.release.xcconfig */;
			buildSettings = {
				ALWAYS_EMBED_SWIFT_STANDARD_LIBRARIES = YES;
				DEVELOPMENT_TEAM = G3C7HTN75X;
				INFOPLIST_FILE = SafePathUITests/Info.plist;
				LD_RUNPATH_SEARCH_PATHS = "$(inherited) @executable_path/Frameworks @loader_path/Frameworks";
				PRODUCT_BUNDLE_IDENTIFIER = Safepath.SafePathUITests;
				PRODUCT_NAME = "$(TARGET_NAME)";
				SWIFT_VERSION = 3.0;
				TEST_TARGET_NAME = SafePath;
			};
			name = Release;
		};
/* End XCBuildConfiguration section */

/* Begin XCConfigurationList section */
		A805F2861EC7960A008AC801 /* Build configuration list for PBXProject "SafePath" */ = {
			isa = XCConfigurationList;
			buildConfigurations = (
				A805F2B41EC7960A008AC801 /* Debug */,
				A805F2B51EC7960A008AC801 /* Release */,
			);
			defaultConfigurationIsVisible = 0;
			defaultConfigurationName = Release;
		};
		A805F2B61EC7960A008AC801 /* Build configuration list for PBXNativeTarget "SafePath" */ = {
			isa = XCConfigurationList;
			buildConfigurations = (
				A805F2B71EC7960A008AC801 /* Debug */,
				A805F2B81EC7960A008AC801 /* Release */,
			);
			defaultConfigurationIsVisible = 0;
			defaultConfigurationName = Release;
		};
		A805F2B91EC7960A008AC801 /* Build configuration list for PBXNativeTarget "SafePathTests" */ = {
			isa = XCConfigurationList;
			buildConfigurations = (
				A805F2BA1EC7960A008AC801 /* Debug */,
				A805F2BB1EC7960A008AC801 /* Release */,
			);
			defaultConfigurationIsVisible = 0;
			defaultConfigurationName = Release;
		};
		A805F2BC1EC7960A008AC801 /* Build configuration list for PBXNativeTarget "SafePathUITests" */ = {
			isa = XCConfigurationList;
			buildConfigurations = (
				A805F2BD1EC7960A008AC801 /* Debug */,
				A805F2BE1EC7960A008AC801 /* Release */,
			);
			defaultConfigurationIsVisible = 0;
			defaultConfigurationName = Release;
		};
/* End XCConfigurationList section */

/* Begin XCVersionGroup section */
		A805F2951EC7960A008AC801 /* SafePath.xcdatamodeld */ = {
			isa = XCVersionGroup;
			children = (
				A805F2961EC7960A008AC801 /* SafePath.xcdatamodel */,
			);
			currentVersion = A805F2961EC7960A008AC801 /* SafePath.xcdatamodel */;
			path = SafePath.xcdatamodeld;
			sourceTree = "<group>";
			versionGroupType = wrapper.xcdatamodel;
		};
/* End XCVersionGroup section */
	};
	rootObject = A805F2831EC7960A008AC801 /* Project object */;
}
